
Microsoft Visual Studio Solution File, Format Version 12.00
# Visual Studio Version 17
VisualStudioVersion = 17.11.35219.272
MinimumVisualStudioVersion = 10.0.40219.1
Project("{FAE04EC0-301F-11D3-BF4B-00C04F79EFBC}") = "WebApplication2", "WebApplication2.csproj", "{03ADB358-ACEA-4F79-A2BB-E3FB03B6ADBD}"
EndProject
Global
	GlobalSection(SolutionConfigurationPlatforms) = preSolution
		Debug|Any CPU = Debug|Any CPU
		Release|Any CPU = Release|Any CPU
	EndGlobalSection
	GlobalSection(ProjectConfigurationPlatforms) = postSolution
		{03ADB358-ACEA-4F79-A2BB-E3FB03B6ADBD}.Debug|Any CPU.ActiveCfg = Debug|Any CPU
		{03ADB358-ACEA-4F79-A2BB-E3FB03B6ADBD}.Debug|Any CPU.Build.0 = Debug|Any CPU
		{03ADB358-ACEA-4F79-A2BB-E3FB03B6ADBD}.Release|Any CPU.ActiveCfg = Release|Any CPU
		{03ADB358-ACEA-4F79-A2BB-E3FB03B6ADBD}.Release|Any CPU.Build.0 = Release|Any CPU
	EndGlobalSection
	GlobalSection(SolutionProperties) = preSolution
		HideSolutionNode = FALSE
	EndGlobalSection
	GlobalSection(ExtensibilityGlobals) = postSolution
		SolutionGuid = {6313DE42-CC1F-4A7E-8C5B-614E862C0A40}
	EndGlobalSection
EndGlobal
