
Microsoft Visual Studio Solution File, Format Version 12.00
# Visual Studio Version 17
VisualStudioVersion = 17.11.35219.272
MinimumVisualStudioVersion = 10.0.40219.1
Project("{FAE04EC0-301F-11D3-BF4B-00C04F79EFBC}") = "WebApplication3", "WebApplication3.csproj", "{AAFBAF69-9317-460A-B165-86304126DC50}"
EndProject
Global
	GlobalSection(SolutionConfigurationPlatforms) = preSolution
		Debug|Any CPU = Debug|Any CPU
		Release|Any CPU = Release|Any CPU
	EndGlobalSection
	GlobalSection(ProjectConfigurationPlatforms) = postSolution
		{AAFBAF69-9317-460A-B165-86304126DC50}.Debug|Any CPU.ActiveCfg = Debug|Any CPU
		{AAFBAF69-9317-460A-B165-86304126DC50}.Debug|Any CPU.Build.0 = Debug|Any CPU
		{AAFBAF69-9317-460A-B165-86304126DC50}.Release|Any CPU.ActiveCfg = Release|Any CPU
		{AAFBAF69-9317-460A-B165-86304126DC50}.Release|Any CPU.Build.0 = Release|Any CPU
	EndGlobalSection
	GlobalSection(SolutionProperties) = preSolution
		HideSolutionNode = FALSE
	EndGlobalSection
	GlobalSection(ExtensibilityGlobals) = postSolution
		SolutionGuid = {4042A7FE-B93F-4410-B479-5A78CB70A4AA}
	EndGlobalSection
EndGlobal
