
Microsoft Visual Studio Solution File, Format Version 12.00
# Visual Studio Version 17
VisualStudioVersion = 17.11.35219.272
MinimumVisualStudioVersion = 10.0.40219.1
Project("{FAE04EC0-301F-11D3-BF4B-00C04F79EFBC}") = "EFCURDCORE8", "EFCURDCORE8.csproj", "{77155299-A070-44AF-B0E6-AAB215D9A01F}"
EndProject
Global
	GlobalSection(SolutionConfigurationPlatforms) = preSolution
		Debug|Any CPU = Debug|Any CPU
		Release|Any CPU = Release|Any CPU
	EndGlobalSection
	GlobalSection(ProjectConfigurationPlatforms) = postSolution
		{77155299-A070-44AF-B0E6-AAB215D9A01F}.Debug|Any CPU.ActiveCfg = Debug|Any CPU
		{77155299-A070-44AF-B0E6-AAB215D9A01F}.Debug|Any CPU.Build.0 = Debug|Any CPU
		{77155299-A070-44AF-B0E6-AAB215D9A01F}.Release|Any CPU.ActiveCfg = Release|Any CPU
		{77155299-A070-44AF-B0E6-AAB215D9A01F}.Release|Any CPU.Build.0 = Release|Any CPU
	EndGlobalSection
	GlobalSection(SolutionProperties) = preSolution
		HideSolutionNode = FALSE
	EndGlobalSection
	GlobalSection(ExtensibilityGlobals) = postSolution
		SolutionGuid = {382E59FC-96C3-43D2-9907-FBF71B240CA3}
	EndGlobalSection
EndGlobal
