
Microsoft Visual Studio Solution File, Format Version 12.00
# Visual Studio Version 17
VisualStudioVersion = 17.11.35219.272
MinimumVisualStudioVersion = 10.0.40219.1
Project("{FAE04EC0-301F-11D3-BF4B-00C04F79EFBC}") = "WebEFDbCurd", "WebEFDbCurd.csproj", "{5F69B770-E486-4C28-ACA1-73C969CB0C4E}"
EndProject
Global
	GlobalSection(SolutionConfigurationPlatforms) = preSolution
		Debug|Any CPU = Debug|Any CPU
		Release|Any CPU = Release|Any CPU
	EndGlobalSection
	GlobalSection(ProjectConfigurationPlatforms) = postSolution
		{5F69B770-E486-4C28-ACA1-73C969CB0C4E}.Debug|Any CPU.ActiveCfg = Debug|Any CPU
		{5F69B770-E486-4C28-ACA1-73C969CB0C4E}.Debug|Any CPU.Build.0 = Debug|Any CPU
		{5F69B770-E486-4C28-ACA1-73C969CB0C4E}.Release|Any CPU.ActiveCfg = Release|Any CPU
		{5F69B770-E486-4C28-ACA1-73C969CB0C4E}.Release|Any CPU.Build.0 = Release|Any CPU
	EndGlobalSection
	GlobalSection(SolutionProperties) = preSolution
		HideSolutionNode = FALSE
	EndGlobalSection
	GlobalSection(ExtensibilityGlobals) = postSolution
		SolutionGuid = {D0E85CBD-4EA7-4C07-BF01-E5FE31BE8043}
	EndGlobalSection
EndGlobal
