
Microsoft Visual Studio Solution File, Format Version 12.00
# Visual Studio Version 17
VisualStudioVersion = 17.11.35219.272
MinimumVisualStudioVersion = 10.0.40219.1
Project("{FAE04EC0-301F-11D3-BF4B-00C04F79EFBC}") = "RegisterForm", "RegisterForm.csproj", "{A6C7A349-EE8A-4E03-8C8C-0241C8674AA0}"
EndProject
Global
	GlobalSection(SolutionConfigurationPlatforms) = preSolution
		Debug|Any CPU = Debug|Any CPU
		Release|Any CPU = Release|Any CPU
	EndGlobalSection
	GlobalSection(ProjectConfigurationPlatforms) = postSolution
		{A6C7A349-EE8A-4E03-8C8C-0241C8674AA0}.Debug|Any CPU.ActiveCfg = Debug|Any CPU
		{A6C7A349-EE8A-4E03-8C8C-0241C8674AA0}.Debug|Any CPU.Build.0 = Debug|Any CPU
		{A6C7A349-EE8A-4E03-8C8C-0241C8674AA0}.Release|Any CPU.ActiveCfg = Release|Any CPU
		{A6C7A349-EE8A-4E03-8C8C-0241C8674AA0}.Release|Any CPU.Build.0 = Release|Any CPU
	EndGlobalSection
	GlobalSection(SolutionProperties) = preSolution
		HideSolutionNode = FALSE
	EndGlobalSection
	GlobalSection(ExtensibilityGlobals) = postSolution
		SolutionGuid = {68469873-1BF8-4242-9945-1CDC4D259039}
	EndGlobalSection
EndGlobal
