
Microsoft Visual Studio Solution File, Format Version 12.00
# Visual Studio Version 17
VisualStudioVersion = 17.11.35219.272
MinimumVisualStudioVersion = 10.0.40219.1
Project("{FAE04EC0-301F-11D3-BF4B-00C04F79EFBC}") = "MgmOrderService", "MgmOrderService.csproj", "{55061EF2-17FA-4443-8384-212D4714B3F2}"
EndProject
Global
	GlobalSection(SolutionConfigurationPlatforms) = preSolution
		Debug|Any CPU = Debug|Any CPU
		Release|Any CPU = Release|Any CPU
	EndGlobalSection
	GlobalSection(ProjectConfigurationPlatforms) = postSolution
		{55061EF2-17FA-4443-8384-212D4714B3F2}.Debug|Any CPU.ActiveCfg = Debug|Any CPU
		{55061EF2-17FA-4443-8384-212D4714B3F2}.Debug|Any CPU.Build.0 = Debug|Any CPU
		{55061EF2-17FA-4443-8384-212D4714B3F2}.Release|Any CPU.ActiveCfg = Release|Any CPU
		{55061EF2-17FA-4443-8384-212D4714B3F2}.Release|Any CPU.Build.0 = Release|Any CPU
	EndGlobalSection
	GlobalSection(SolutionProperties) = preSolution
		HideSolutionNode = FALSE
	EndGlobalSection
	GlobalSection(ExtensibilityGlobals) = postSolution
		SolutionGuid = {DC56E834-0079-4031-8013-C170440402F3}
	EndGlobalSection
EndGlobal
