
Microsoft Visual Studio Solution File, Format Version 12.00
# Visual Studio Version 17
VisualStudioVersion = 17.11.35219.272
MinimumVisualStudioVersion = 10.0.40219.1
Project("{FAE04EC0-301F-11D3-BF4B-00C04F79EFBC}") = "TaskCurdNetCore", "TaskCurdNetCore.csproj", "{B10FFA9C-7A8E-4D5A-8671-CD4D286C3757}"
EndProject
Global
	GlobalSection(SolutionConfigurationPlatforms) = preSolution
		Debug|Any CPU = Debug|Any CPU
		Release|Any CPU = Release|Any CPU
	EndGlobalSection
	GlobalSection(ProjectConfigurationPlatforms) = postSolution
		{B10FFA9C-7A8E-4D5A-8671-CD4D286C3757}.Debug|Any CPU.ActiveCfg = Debug|Any CPU
		{B10FFA9C-7A8E-4D5A-8671-CD4D286C3757}.Debug|Any CPU.Build.0 = Debug|Any CPU
		{B10FFA9C-7A8E-4D5A-8671-CD4D286C3757}.Release|Any CPU.ActiveCfg = Release|Any CPU
		{B10FFA9C-7A8E-4D5A-8671-CD4D286C3757}.Release|Any CPU.Build.0 = Release|Any CPU
	EndGlobalSection
	GlobalSection(SolutionProperties) = preSolution
		HideSolutionNode = FALSE
	EndGlobalSection
	GlobalSection(ExtensibilityGlobals) = postSolution
		SolutionGuid = {337F7523-E09F-43FD-B09D-2E3C6AF91EC6}
	EndGlobalSection
EndGlobal
