
Microsoft Visual Studio Solution File, Format Version 12.00
# Visual Studio Version 17
VisualStudioVersion = 17.11.35219.272
MinimumVisualStudioVersion = 10.0.40219.1
Project("{FAE04EC0-301F-11D3-BF4B-00C04F79EFBC}") = "MgmAPIGateWay", "MgmAPIGateWay.csproj", "{E9FF515A-2AA7-46BA-8BD9-B42279368A60}"
EndProject
Global
	GlobalSection(SolutionConfigurationPlatforms) = preSolution
		Debug|Any CPU = Debug|Any CPU
		Release|Any CPU = Release|Any CPU
	EndGlobalSection
	GlobalSection(ProjectConfigurationPlatforms) = postSolution
		{E9FF515A-2AA7-46BA-8BD9-B42279368A60}.Debug|Any CPU.ActiveCfg = Debug|Any CPU
		{E9FF515A-2AA7-46BA-8BD9-B42279368A60}.Debug|Any CPU.Build.0 = Debug|Any CPU
		{E9FF515A-2AA7-46BA-8BD9-B42279368A60}.Release|Any CPU.ActiveCfg = Release|Any CPU
		{E9FF515A-2AA7-46BA-8BD9-B42279368A60}.Release|Any CPU.Build.0 = Release|Any CPU
	EndGlobalSection
	GlobalSection(SolutionProperties) = preSolution
		HideSolutionNode = FALSE
	EndGlobalSection
	GlobalSection(ExtensibilityGlobals) = postSolution
		SolutionGuid = {7DC18AB2-3F3A-4D10-9021-70603A512701}
	EndGlobalSection
EndGlobal
