
Microsoft Visual Studio Solution File, Format Version 12.00
# Visual Studio Version 17
VisualStudioVersion = 17.11.35219.272
MinimumVisualStudioVersion = 10.0.40219.1
Project("{FAE04EC0-301F-11D3-BF4B-00C04F79EFBC}") = "MvcCoreCurd", "MvcCoreCurd.csproj", "{4722F9C3-679E-4E62-8CD9-44BDDAF2856D}"
EndProject
Global
	GlobalSection(SolutionConfigurationPlatforms) = preSolution
		Debug|Any CPU = Debug|Any CPU
		Release|Any CPU = Release|Any CPU
	EndGlobalSection
	GlobalSection(ProjectConfigurationPlatforms) = postSolution
		{4722F9C3-679E-4E62-8CD9-44BDDAF2856D}.Debug|Any CPU.ActiveCfg = Debug|Any CPU
		{4722F9C3-679E-4E62-8CD9-44BDDAF2856D}.Debug|Any CPU.Build.0 = Debug|Any CPU
		{4722F9C3-679E-4E62-8CD9-44BDDAF2856D}.Release|Any CPU.ActiveCfg = Release|Any CPU
		{4722F9C3-679E-4E62-8CD9-44BDDAF2856D}.Release|Any CPU.Build.0 = Release|Any CPU
	EndGlobalSection
	GlobalSection(SolutionProperties) = preSolution
		HideSolutionNode = FALSE
	EndGlobalSection
	GlobalSection(ExtensibilityGlobals) = postSolution
		SolutionGuid = {58C50DB2-82C8-4B38-AE1A-755E2ECEF378}
	EndGlobalSection
EndGlobal
