
Microsoft Visual Studio Solution File, Format Version 12.00
# Visual Studio Version 17
VisualStudioVersion = 17.11.35219.272
MinimumVisualStudioVersion = 10.0.40219.1
Project("{FAE04EC0-301F-11D3-BF4B-00C04F79EFBC}") = "EmpWebAPI", "EmpWebAPI.csproj", "{CB6B645E-6A3F-497C-BC20-74E8E06E7802}"
EndProject
Global
	GlobalSection(SolutionConfigurationPlatforms) = preSolution
		Debug|Any CPU = Debug|Any CPU
		Release|Any CPU = Release|Any CPU
	EndGlobalSection
	GlobalSection(ProjectConfigurationPlatforms) = postSolution
		{CB6B645E-6A3F-497C-BC20-74E8E06E7802}.Debug|Any CPU.ActiveCfg = Debug|Any CPU
		{CB6B645E-6A3F-497C-BC20-74E8E06E7802}.Debug|Any CPU.Build.0 = Debug|Any CPU
		{CB6B645E-6A3F-497C-BC20-74E8E06E7802}.Release|Any CPU.ActiveCfg = Release|Any CPU
		{CB6B645E-6A3F-497C-BC20-74E8E06E7802}.Release|Any CPU.Build.0 = Release|Any CPU
	EndGlobalSection
	GlobalSection(SolutionProperties) = preSolution
		HideSolutionNode = FALSE
	EndGlobalSection
	GlobalSection(ExtensibilityGlobals) = postSolution
		SolutionGuid = {A3CBCA38-8550-46A3-8A1F-EE5820E51917}
	EndGlobalSection
EndGlobal
