
Microsoft Visual Studio Solution File, Format Version 12.00
# Visual Studio Version 17
VisualStudioVersion = 17.11.35219.272
MinimumVisualStudioVersion = 10.0.40219.1
Project("{FAE04EC0-301F-11D3-BF4B-00C04F79EFBC}") = "CoreEFCurd", "CoreEFCurd.csproj", "{2321B4C4-DCD1-47F0-9B92-B5F56EDCE101}"
EndProject
Global
	GlobalSection(SolutionConfigurationPlatforms) = preSolution
		Debug|Any CPU = Debug|Any CPU
		Release|Any CPU = Release|Any CPU
	EndGlobalSection
	GlobalSection(ProjectConfigurationPlatforms) = postSolution
		{2321B4C4-DCD1-47F0-9B92-B5F56EDCE101}.Debug|Any CPU.ActiveCfg = Debug|Any CPU
		{2321B4C4-DCD1-47F0-9B92-B5F56EDCE101}.Debug|Any CPU.Build.0 = Debug|Any CPU
		{2321B4C4-DCD1-47F0-9B92-B5F56EDCE101}.Release|Any CPU.ActiveCfg = Release|Any CPU
		{2321B4C4-DCD1-47F0-9B92-B5F56EDCE101}.Release|Any CPU.Build.0 = Release|Any CPU
	EndGlobalSection
	GlobalSection(SolutionProperties) = preSolution
		HideSolutionNode = FALSE
	EndGlobalSection
	GlobalSection(ExtensibilityGlobals) = postSolution
		SolutionGuid = {11B6A323-3ED1-4EF5-B9D1-8BE81BDB0CAB}
	EndGlobalSection
EndGlobal
