
Microsoft Visual Studio Solution File, Format Version 12.00
# Visual Studio Version 17
VisualStudioVersion = 17.11.35219.272
MinimumVisualStudioVersion = 10.0.40219.1
Project("{FAE04EC0-301F-11D3-BF4B-00C04F79EFBC}") = "BookServiceApplication", "BookServiceApplication.csproj", "{33322C87-1BD7-44C1-B0D4-A19B0033682B}"
EndProject
Global
	GlobalSection(SolutionConfigurationPlatforms) = preSolution
		Debug|Any CPU = Debug|Any CPU
		Release|Any CPU = Release|Any CPU
	EndGlobalSection
	GlobalSection(ProjectConfigurationPlatforms) = postSolution
		{33322C87-1BD7-44C1-B0D4-A19B0033682B}.Debug|Any CPU.ActiveCfg = Debug|Any CPU
		{33322C87-1BD7-44C1-B0D4-A19B0033682B}.Debug|Any CPU.Build.0 = Debug|Any CPU
		{33322C87-1BD7-44C1-B0D4-A19B0033682B}.Release|Any CPU.ActiveCfg = Release|Any CPU
		{33322C87-1BD7-44C1-B0D4-A19B0033682B}.Release|Any CPU.Build.0 = Release|Any CPU
	EndGlobalSection
	GlobalSection(SolutionProperties) = preSolution
		HideSolutionNode = FALSE
	EndGlobalSection
	GlobalSection(ExtensibilityGlobals) = postSolution
		SolutionGuid = {05A357CE-CBD5-4766-B556-BDE29E5CA43F}
	EndGlobalSection
EndGlobal
