
Microsoft Visual Studio Solution File, Format Version 12.00
# Visual Studio Version 17
VisualStudioVersion = 17.11.35219.272
MinimumVisualStudioVersion = 10.0.40219.1
Project("{FAE04EC0-301F-11D3-BF4B-00C04F79EFBC}") = "RevalsysTask4", "RevalsysTask4.csproj", "{03ED62A0-5CB1-4C04-A216-13ECCE584E34}"
EndProject
Global
	GlobalSection(SolutionConfigurationPlatforms) = preSolution
		Debug|Any CPU = Debug|Any CPU
		Release|Any CPU = Release|Any CPU
	EndGlobalSection
	GlobalSection(ProjectConfigurationPlatforms) = postSolution
		{03ED62A0-5CB1-4C04-A216-13ECCE584E34}.Debug|Any CPU.ActiveCfg = Debug|Any CPU
		{03ED62A0-5CB1-4C04-A216-13ECCE584E34}.Debug|Any CPU.Build.0 = Debug|Any CPU
		{03ED62A0-5CB1-4C04-A216-13ECCE584E34}.Release|Any CPU.ActiveCfg = Release|Any CPU
		{03ED62A0-5CB1-4C04-A216-13ECCE584E34}.Release|Any CPU.Build.0 = Release|Any CPU
	EndGlobalSection
	GlobalSection(SolutionProperties) = preSolution
		HideSolutionNode = FALSE
	EndGlobalSection
	GlobalSection(ExtensibilityGlobals) = postSolution
		SolutionGuid = {27B27B19-26E8-43CE-8115-6549B96CEEEE}
	EndGlobalSection
EndGlobal
