
Microsoft Visual Studio Solution File, Format Version 12.00
# Visual Studio Version 17
VisualStudioVersion = 17.11.35219.272
MinimumVisualStudioVersion = 10.0.40219.1
Project("{FAE04EC0-301F-11D3-BF4B-00C04F79EFBC}") = "MvcCoreCurd2", "MvcCoreCurd2.csproj", "{AC55115C-F59D-4022-AE41-84CEF7716E08}"
EndProject
Global
	GlobalSection(SolutionConfigurationPlatforms) = preSolution
		Debug|Any CPU = Debug|Any CPU
		Release|Any CPU = Release|Any CPU
	EndGlobalSection
	GlobalSection(ProjectConfigurationPlatforms) = postSolution
		{AC55115C-F59D-4022-AE41-84CEF7716E08}.Debug|Any CPU.ActiveCfg = Debug|Any CPU
		{AC55115C-F59D-4022-AE41-84CEF7716E08}.Debug|Any CPU.Build.0 = Debug|Any CPU
		{AC55115C-F59D-4022-AE41-84CEF7716E08}.Release|Any CPU.ActiveCfg = Release|Any CPU
		{AC55115C-F59D-4022-AE41-84CEF7716E08}.Release|Any CPU.Build.0 = Release|Any CPU
	EndGlobalSection
	GlobalSection(SolutionProperties) = preSolution
		HideSolutionNode = FALSE
	EndGlobalSection
	GlobalSection(ExtensibilityGlobals) = postSolution
		SolutionGuid = {6372A6ED-641D-40DE-9F78-812494CD4A9A}
	EndGlobalSection
EndGlobal
