
Microsoft Visual Studio Solution File, Format Version 12.00
# Visual Studio Version 17
VisualStudioVersion = 17.11.35219.272
MinimumVisualStudioVersion = 10.0.40219.1
Project("{FAE04EC0-301F-11D3-BF4B-00C04F79EFBC}") = "OrderApplication", "OrderApplication.csproj", "{B8D276CC-115F-4488-89F1-AAE1C8763E07}"
EndProject
Global
	GlobalSection(SolutionConfigurationPlatforms) = preSolution
		Debug|Any CPU = Debug|Any CPU
		Release|Any CPU = Release|Any CPU
	EndGlobalSection
	GlobalSection(ProjectConfigurationPlatforms) = postSolution
		{B8D276CC-115F-4488-89F1-AAE1C8763E07}.Debug|Any CPU.ActiveCfg = Debug|Any CPU
		{B8D276CC-115F-4488-89F1-AAE1C8763E07}.Debug|Any CPU.Build.0 = Debug|Any CPU
		{B8D276CC-115F-4488-89F1-AAE1C8763E07}.Release|Any CPU.ActiveCfg = Release|Any CPU
		{B8D276CC-115F-4488-89F1-AAE1C8763E07}.Release|Any CPU.Build.0 = Release|Any CPU
	EndGlobalSection
	GlobalSection(SolutionProperties) = preSolution
		HideSolutionNode = FALSE
	EndGlobalSection
	GlobalSection(ExtensibilityGlobals) = postSolution
		SolutionGuid = {0B496E69-DB50-42A4-9228-7BF882F773E7}
	EndGlobalSection
EndGlobal
